
Microsoft Visual Studio Solution File, Format Version 12.00
# Visual Studio 15
Project("{FAE04EC0-301F-11D3-BF4B-00C04F79EFBC}") = "Assembly-CSharp", "Assembly-CSharp.csproj", "{AC1D05FD-6C92-90CA-D702-1548A0F40441}"
EndProject
Global
	GlobalSection(SolutionConfigurationPlatforms) = preSolution
		Debug|Any CPU = Debug|Any CPU
		Release|Any CPU = Release|Any CPU
	EndGlobalSection
	GlobalSection(ProjectConfigurationPlatforms) = postSolution
		{AC1D05FD-6C92-90CA-D702-1548A0F40441}.Debug|Any CPU.ActiveCfg = Debug|Any CPU
		{AC1D05FD-6C92-90CA-D702-1548A0F40441}.Debug|Any CPU.Build.0 = Debug|Any CPU
		{AC1D05FD-6C92-90CA-D702-1548A0F40441}.Release|Any CPU.ActiveCfg = Release|Any CPU
		{AC1D05FD-6C92-90CA-D702-1548A0F40441}.Release|Any CPU.Build.0 = Release|Any CPU
	EndGlobalSection
	GlobalSection(SolutionProperties) = preSolution
		HideSolutionNode = FALSE
	EndGlobalSection
EndGlobal
